// !$*UTF8*$!
{
	archiveVersion = 1;
	classes = {
	};
	objectVersion = 56;
	objects = {

/* Begin PBXBuildFile section */
		A62ABBF22AA901C100EED1BF /* SliderCollectionView.xib in Resources */ = {isa = PBXBuildFile; fileRef = A62ABBF12AA901C100EED1BF /* SliderCollectionView.xib */; };
		A62ABBF42AA901F700EED1BF /* SliderCollectionViewCell.swift in Sources */ = {isa = PBXBuildFile; fileRef = A62ABBF32AA901F700EED1BF /* SliderCollectionViewCell.swift */; };
		A62ABBF62AA9048900EED1BF /* SliderDetailCollectionView.xib in Resources */ = {isa = PBXBuildFile; fileRef = A62ABBF52AA9048900EED1BF /* SliderDetailCollectionView.xib */; };
		A62ABBF82AA9049600EED1BF /* SliderDetailCollectionViewCell.swift in Sources */ = {isa = PBXBuildFile; fileRef = A62ABBF72AA9049600EED1BF /* SliderDetailCollectionViewCell.swift */; };
		A62ABBFB2AA9069400EED1BF /* Alamofire in Frameworks */ = {isa = PBXBuildFile; productRef = A62ABBFA2AA9069400EED1BF /* Alamofire */; };
		A62ABBFD2AA909B900EED1BF /* NewsResponse.swift in Sources */ = {isa = PBXBuildFile; fileRef = A62ABBFC2AA909B900EED1BF /* NewsResponse.swift */; };
		A62ABBFF2AA909DA00EED1BF /* Article.swift in Sources */ = {isa = PBXBuildFile; fileRef = A62ABBFE2AA909DA00EED1BF /* Article.swift */; };
		A62ABC012AA90B6500EED1BF /* EnvironmentVariables.plist in Resources */ = {isa = PBXBuildFile; fileRef = A62ABC002AA90B6500EED1BF /* EnvironmentVariables.plist */; };
		A62D5B362AA74D6A00CD4F1B /* AppDelegate.swift in Sources */ = {isa = PBXBuildFile; fileRef = A62D5B352AA74D6A00CD4F1B /* AppDelegate.swift */; };
		A62D5B382AA74D6A00CD4F1B /* SceneDelegate.swift in Sources */ = {isa = PBXBuildFile; fileRef = A62D5B372AA74D6A00CD4F1B /* SceneDelegate.swift */; };
		A62D5B3F2AA74D6B00CD4F1B /* Assets.xcassets in Resources */ = {isa = PBXBuildFile; fileRef = A62D5B3E2AA74D6B00CD4F1B /* Assets.xcassets */; };
		A62D5B422AA74D6B00CD4F1B /* LaunchScreen.storyboard in Resources */ = {isa = PBXBuildFile; fileRef = A62D5B402AA74D6B00CD4F1B /* LaunchScreen.storyboard */; };
		A62D5B4E2AA75A0000CD4F1B /* RegisterVC.storyboard in Resources */ = {isa = PBXBuildFile; fileRef = A62D5B4D2AA75A0000CD4F1B /* RegisterVC.storyboard */; };
		A62D5B502AA75A3100CD4F1B /* RegisterVC.swift in Sources */ = {isa = PBXBuildFile; fileRef = A62D5B4F2AA75A3100CD4F1B /* RegisterVC.swift */; };
		A62D5B532AA7949E00CD4F1B /* UITextField+.swift in Sources */ = {isa = PBXBuildFile; fileRef = A62D5B522AA7949E00CD4F1B /* UITextField+.swift */; };
		A62D5B582AA7954700CD4F1B /* LoginVC.storyboard in Resources */ = {isa = PBXBuildFile; fileRef = A62D5B572AA7954700CD4F1B /* LoginVC.storyboard */; };
		A62D5B5A2AA7955800CD4F1B /* LoginVC.swift in Sources */ = {isa = PBXBuildFile; fileRef = A62D5B592AA7955800CD4F1B /* LoginVC.swift */; };
		A62D5B5D2AA7C46400CD4F1B /* HomeVC.swift in Sources */ = {isa = PBXBuildFile; fileRef = A62D5B5C2AA7C46400CD4F1B /* HomeVC.swift */; };
		A62D5B5F2AA7C46E00CD4F1B /* HomeVC.storyboard in Resources */ = {isa = PBXBuildFile; fileRef = A62D5B5E2AA7C46E00CD4F1B /* HomeVC.storyboard */; };
		A62D5B622AA7C6B500CD4F1B /* TabBarController.swift in Sources */ = {isa = PBXBuildFile; fileRef = A62D5B612AA7C6B500CD4F1B /* TabBarController.swift */; };
		A66C667E2AB31FA3000EA17B /* DetailVC.swift in Sources */ = {isa = PBXBuildFile; fileRef = A66C667D2AB31FA3000EA17B /* DetailVC.swift */; };
		A66C66802AB325AA000EA17B /* DetailVC.storyboard in Resources */ = {isa = PBXBuildFile; fileRef = A66C667F2AB325AA000EA17B /* DetailVC.storyboard */; };
		A66C66832AB38045000EA17B /* SearchVC.swift in Sources */ = {isa = PBXBuildFile; fileRef = A66C66822AB38045000EA17B /* SearchVC.swift */; };
		A66C66852AB3804C000EA17B /* SearchVC.storyboard in Resources */ = {isa = PBXBuildFile; fileRef = A66C66842AB3804C000EA17B /* SearchVC.storyboard */; };
		A66C66902AB38625000EA17B /* SearchNewsTableViewCell.swift in Sources */ = {isa = PBXBuildFile; fileRef = A66C668F2AB38625000EA17B /* SearchNewsTableViewCell.swift */; };
		A66C66932AB399A7000EA17B /* FavoritesDetailManager.swift in Sources */ = {isa = PBXBuildFile; fileRef = A66C66922AB399A7000EA17B /* FavoritesDetailManager.swift */; };
		A66C66962AB39A12000EA17B /* FavoritesVC.swift in Sources */ = {isa = PBXBuildFile; fileRef = A66C66952AB39A12000EA17B /* FavoritesVC.swift */; };
		A66C66982AB39A1D000EA17B /* FavoritesVC.storyboard in Resources */ = {isa = PBXBuildFile; fileRef = A66C66972AB39A1D000EA17B /* FavoritesVC.storyboard */; };
		A66C669B2AB39D16000EA17B /* NewsTableViewCell.swift in Sources */ = {isa = PBXBuildFile; fileRef = A66C669A2AB39D16000EA17B /* NewsTableViewCell.swift */; };
		A66C669E2AB3A2DA000EA17B /* SettingsVC.swift in Sources */ = {isa = PBXBuildFile; fileRef = A66C669D2AB3A2DA000EA17B /* SettingsVC.swift */; };
		A66C66A02AB3A2E0000EA17B /* SettingsVC.storyboard in Resources */ = {isa = PBXBuildFile; fileRef = A66C669F2AB3A2E0000EA17B /* SettingsVC.storyboard */; };
		A6C9259E2AB1E825000C2D96 /* NewsDetailCollectionViewCell.swift in Sources */ = {isa = PBXBuildFile; fileRef = A6C9259D2AB1E824000C2D96 /* NewsDetailCollectionViewCell.swift */; };
		A6C925A12AB22E9A000C2D96 /* Kingfisher in Frameworks */ = {isa = PBXBuildFile; productRef = A6C925A02AB22E9A000C2D96 /* Kingfisher */; };
		A6C925A42AB23653000C2D96 /* HeaderCollectionView.swift in Sources */ = {isa = PBXBuildFile; fileRef = A6C925A32AB23653000C2D96 /* HeaderCollectionView.swift */; };
		A6C925A62AB24578000C2D96 /* NewsDetailCollectionView.xib in Resources */ = {isa = PBXBuildFile; fileRef = A6C925A52AB24578000C2D96 /* NewsDetailCollectionView.xib */; };
/* End PBXBuildFile section */

/* Begin PBXFileReference section */
		A62ABBF12AA901C100EED1BF /* SliderCollectionView.xib */ = {isa = PBXFileReference; lastKnownFileType = file.xib; path = SliderCollectionView.xib; sourceTree = "<group>"; };
		A62ABBF32AA901F700EED1BF /* SliderCollectionViewCell.swift */ = {isa = PBXFileReference; lastKnownFileType = sourcecode.swift; path = SliderCollectionViewCell.swift; sourceTree = "<group>"; };
		A62ABBF52AA9048900EED1BF /* SliderDetailCollectionView.xib */ = {isa = PBXFileReference; lastKnownFileType = file.xib; path = SliderDetailCollectionView.xib; sourceTree = "<group>"; };
		A62ABBF72AA9049600EED1BF /* SliderDetailCollectionViewCell.swift */ = {isa = PBXFileReference; lastKnownFileType = sourcecode.swift; path = SliderDetailCollectionViewCell.swift; sourceTree = "<group>"; };
		A62ABBFC2AA909B900EED1BF /* NewsResponse.swift */ = {isa = PBXFileReference; lastKnownFileType = sourcecode.swift; path = NewsResponse.swift; sourceTree = "<group>"; };
		A62ABBFE2AA909DA00EED1BF /* Article.swift */ = {isa = PBXFileReference; lastKnownFileType = sourcecode.swift; path = Article.swift; sourceTree = "<group>"; };
		A62ABC002AA90B6500EED1BF /* EnvironmentVariables.plist */ = {isa = PBXFileReference; lastKnownFileType = text.plist.xml; path = EnvironmentVariables.plist; sourceTree = "<group>"; };
		A62D5B322AA74D6A00CD4F1B /* NewsApp.app */ = {isa = PBXFileReference; explicitFileType = wrapper.application; includeInIndex = 0; path = NewsApp.app; sourceTree = BUILT_PRODUCTS_DIR; };
		A62D5B352AA74D6A00CD4F1B /* AppDelegate.swift */ = {isa = PBXFileReference; lastKnownFileType = sourcecode.swift; path = AppDelegate.swift; sourceTree = "<group>"; };
		A62D5B372AA74D6A00CD4F1B /* SceneDelegate.swift */ = {isa = PBXFileReference; lastKnownFileType = sourcecode.swift; path = SceneDelegate.swift; sourceTree = "<group>"; };
		A62D5B3E2AA74D6B00CD4F1B /* Assets.xcassets */ = {isa = PBXFileReference; lastKnownFileType = folder.assetcatalog; path = Assets.xcassets; sourceTree = "<group>"; };
		A62D5B412AA74D6B00CD4F1B /* Base */ = {isa = PBXFileReference; lastKnownFileType = file.storyboard; name = Base; path = Base.lproj/LaunchScreen.storyboard; sourceTree = "<group>"; };
		A62D5B432AA74D6B00CD4F1B /* Info.plist */ = {isa = PBXFileReference; lastKnownFileType = text.plist.xml; path = Info.plist; sourceTree = "<group>"; };
		A62D5B4D2AA75A0000CD4F1B /* RegisterVC.storyboard */ = {isa = PBXFileReference; lastKnownFileType = file.storyboard; path = RegisterVC.storyboard; sourceTree = "<group>"; };
		A62D5B4F2AA75A3100CD4F1B /* RegisterVC.swift */ = {isa = PBXFileReference; lastKnownFileType = sourcecode.swift; path = RegisterVC.swift; sourceTree = "<group>"; };
		A62D5B522AA7949E00CD4F1B /* UITextField+.swift */ = {isa = PBXFileReference; lastKnownFileType = sourcecode.swift; path = "UITextField+.swift"; sourceTree = "<group>"; };
		A62D5B572AA7954700CD4F1B /* LoginVC.storyboard */ = {isa = PBXFileReference; lastKnownFileType = file.storyboard; path = LoginVC.storyboard; sourceTree = "<group>"; };
		A62D5B592AA7955800CD4F1B /* LoginVC.swift */ = {isa = PBXFileReference; lastKnownFileType = sourcecode.swift; path = LoginVC.swift; sourceTree = "<group>"; };
		A62D5B5C2AA7C46400CD4F1B /* HomeVC.swift */ = {isa = PBXFileReference; lastKnownFileType = sourcecode.swift; path = HomeVC.swift; sourceTree = "<group>"; };
		A62D5B5E2AA7C46E00CD4F1B /* HomeVC.storyboard */ = {isa = PBXFileReference; lastKnownFileType = file.storyboard; path = HomeVC.storyboard; sourceTree = "<group>"; };
		A62D5B612AA7C6B500CD4F1B /* TabBarController.swift */ = {isa = PBXFileReference; lastKnownFileType = sourcecode.swift; path = TabBarController.swift; sourceTree = "<group>"; };
		A66C667D2AB31FA3000EA17B /* DetailVC.swift */ = {isa = PBXFileReference; lastKnownFileType = sourcecode.swift; path = DetailVC.swift; sourceTree = "<group>"; };
		A66C667F2AB325AA000EA17B /* DetailVC.storyboard */ = {isa = PBXFileReference; lastKnownFileType = file.storyboard; path = DetailVC.storyboard; sourceTree = "<group>"; };
		A66C66822AB38045000EA17B /* SearchVC.swift */ = {isa = PBXFileReference; lastKnownFileType = sourcecode.swift; path = SearchVC.swift; sourceTree = "<group>"; };
		A66C66842AB3804C000EA17B /* SearchVC.storyboard */ = {isa = PBXFileReference; lastKnownFileType = file.storyboard; path = SearchVC.storyboard; sourceTree = "<group>"; };
		A66C668F2AB38625000EA17B /* SearchNewsTableViewCell.swift */ = {isa = PBXFileReference; lastKnownFileType = sourcecode.swift; path = SearchNewsTableViewCell.swift; sourceTree = "<group>"; };
		A66C66922AB399A7000EA17B /* FavoritesDetailManager.swift */ = {isa = PBXFileReference; lastKnownFileType = sourcecode.swift; path = FavoritesDetailManager.swift; sourceTree = "<group>"; };
		A66C66952AB39A12000EA17B /* FavoritesVC.swift */ = {isa = PBXFileReference; lastKnownFileType = sourcecode.swift; path = FavoritesVC.swift; sourceTree = "<group>"; };
		A66C66972AB39A1D000EA17B /* FavoritesVC.storyboard */ = {isa = PBXFileReference; lastKnownFileType = file.storyboard; path = FavoritesVC.storyboard; sourceTree = "<group>"; };
		A66C669A2AB39D16000EA17B /* NewsTableViewCell.swift */ = {isa = PBXFileReference; lastKnownFileType = sourcecode.swift; path = NewsTableViewCell.swift; sourceTree = "<group>"; };
		A66C669D2AB3A2DA000EA17B /* SettingsVC.swift */ = {isa = PBXFileReference; lastKnownFileType = sourcecode.swift; path = SettingsVC.swift; sourceTree = "<group>"; };
		A66C669F2AB3A2E0000EA17B /* SettingsVC.storyboard */ = {isa = PBXFileReference; lastKnownFileType = file.storyboard; path = SettingsVC.storyboard; sourceTree = "<group>"; };
		A6C9259D2AB1E824000C2D96 /* NewsDetailCollectionViewCell.swift */ = {isa = PBXFileReference; lastKnownFileType = sourcecode.swift; path = NewsDetailCollectionViewCell.swift; sourceTree = "<group>"; };
		A6C925A32AB23653000C2D96 /* HeaderCollectionView.swift */ = {isa = PBXFileReference; lastKnownFileType = sourcecode.swift; path = HeaderCollectionView.swift; sourceTree = "<group>"; };
		A6C925A52AB24578000C2D96 /* NewsDetailCollectionView.xib */ = {isa = PBXFileReference; lastKnownFileType = file.xib; path = NewsDetailCollectionView.xib; sourceTree = "<group>"; };
/* End PBXFileReference section */

/* Begin PBXFrameworksBuildPhase section */
		A62D5B2F2AA74D6A00CD4F1B /* Frameworks */ = {
			isa = PBXFrameworksBuildPhase;
			buildActionMask = 2147483647;
			files = (
				A6C925A12AB22E9A000C2D96 /* Kingfisher in Frameworks */,
				A62ABBFB2AA9069400EED1BF /* Alamofire in Frameworks */,
			);
			runOnlyForDeploymentPostprocessing = 0;
		};
/* End PBXFrameworksBuildPhase section */

/* Begin PBXGroup section */
		A62ABBED2AA8FECB00EED1BF /* slider */ = {
			isa = PBXGroup;
			children = (
				A62ABBF12AA901C100EED1BF /* SliderCollectionView.xib */,
				A62ABBF32AA901F700EED1BF /* SliderCollectionViewCell.swift */,
				A62ABBF52AA9048900EED1BF /* SliderDetailCollectionView.xib */,
				A62ABBF72AA9049600EED1BF /* SliderDetailCollectionViewCell.swift */,
			);
			path = slider;
			sourceTree = "<group>";
		};
		A62D5B292AA74D6A00CD4F1B = {
			isa = PBXGroup;
			children = (
				A62D5B342AA74D6A00CD4F1B /* NewsApp */,
				A62D5B332AA74D6A00CD4F1B /* Products */,
			);
			sourceTree = "<group>";
		};
		A62D5B332AA74D6A00CD4F1B /* Products */ = {
			isa = PBXGroup;
			children = (
				A62D5B322AA74D6A00CD4F1B /* NewsApp.app */,
			);
			name = Products;
			sourceTree = "<group>";
		};
		A62D5B342AA74D6A00CD4F1B /* NewsApp */ = {
			isa = PBXGroup;
			children = (
				A62D5B512AA7948700CD4F1B /* Extension */,
				A62D5B4A2AA758F800CD4F1B /* Application */,
				A62D5B492AA758C900CD4F1B /* Scenes */,
				A62D5B4B2AA7594300CD4F1B /* Resources */,
				A62D5B402AA74D6B00CD4F1B /* LaunchScreen.storyboard */,
			);
			path = NewsApp;
			sourceTree = "<group>";
		};
		A62D5B492AA758C900CD4F1B /* Scenes */ = {
			isa = PBXGroup;
			children = (
				A66C669C2AB3A2A1000EA17B /* Profile Page */,
				A66C66942AB399E3000EA17B /* Favorites Page */,
				A66C66812AB37F01000EA17B /* Search Page */,
				A66C667A2AB31F7B000EA17B /* Detail Page */,
				A62D5B5B2AA7C45400CD4F1B /* Home Page */,
				A62D5B552AA7952D00CD4F1B /* Login Page */,
				A62D5B4C2AA7598E00CD4F1B /* Register Page */,
			);
			path = Scenes;
			sourceTree = "<group>";
		};
		A62D5B4A2AA758F800CD4F1B /* Application */ = {
			isa = PBXGroup;
			children = (
				A62D5B352AA74D6A00CD4F1B /* AppDelegate.swift */,
				A62D5B372AA74D6A00CD4F1B /* SceneDelegate.swift */,
			);
			path = Application;
			sourceTree = "<group>";
		};
		A62D5B4B2AA7594300CD4F1B /* Resources */ = {
			isa = PBXGroup;
			children = (
				A62D5B3E2AA74D6B00CD4F1B /* Assets.xcassets */,
				A62ABC002AA90B6500EED1BF /* EnvironmentVariables.plist */,
				A62D5B432AA74D6B00CD4F1B /* Info.plist */,
			);
			path = Resources;
			sourceTree = "<group>";
		};
		A62D5B4C2AA7598E00CD4F1B /* Register Page */ = {
			isa = PBXGroup;
			children = (
				A62D5B4D2AA75A0000CD4F1B /* RegisterVC.storyboard */,
				A62D5B4F2AA75A3100CD4F1B /* RegisterVC.swift */,
			);
			path = "Register Page";
			sourceTree = "<group>";
		};
		A62D5B512AA7948700CD4F1B /* Extension */ = {
			isa = PBXGroup;
			children = (
				A62D5B522AA7949E00CD4F1B /* UITextField+.swift */,
			);
			path = Extension;
			sourceTree = "<group>";
		};
		A62D5B552AA7952D00CD4F1B /* Login Page */ = {
			isa = PBXGroup;
			children = (
				A62D5B572AA7954700CD4F1B /* LoginVC.storyboard */,
				A62D5B592AA7955800CD4F1B /* LoginVC.swift */,
			);
			path = "Login Page";
			sourceTree = "<group>";
		};
		A62D5B5B2AA7C45400CD4F1B /* Home Page */ = {
			isa = PBXGroup;
			children = (
				A6C925A22AB2363B000C2D96 /* header */,
				A6C925962AB1E747000C2D96 /* news */,
				A62ABBED2AA8FECB00EED1BF /* slider */,
				A62D5B602AA7C69C00CD4F1B /* _components */,
				A62D5B5C2AA7C46400CD4F1B /* HomeVC.swift */,
				A62D5B5E2AA7C46E00CD4F1B /* HomeVC.storyboard */,
				A62ABBFC2AA909B900EED1BF /* NewsResponse.swift */,
				A62ABBFE2AA909DA00EED1BF /* Article.swift */,
			);
			path = "Home Page";
			sourceTree = "<group>";
		};
		A62D5B602AA7C69C00CD4F1B /* _components */ = {
			isa = PBXGroup;
			children = (
				A62D5B612AA7C6B500CD4F1B /* TabBarController.swift */,
			);
			path = _components;
			sourceTree = "<group>";
		};
		A66C667A2AB31F7B000EA17B /* Detail Page */ = {
			isa = PBXGroup;
			children = (
				A66C66912AB3998D000EA17B /* _components */,
				A66C667D2AB31FA3000EA17B /* DetailVC.swift */,
				A66C667F2AB325AA000EA17B /* DetailVC.storyboard */,
			);
			path = "Detail Page";
			sourceTree = "<group>";
		};
		A66C66812AB37F01000EA17B /* Search Page */ = {
			isa = PBXGroup;
			children = (
				A66C66862AB384CA000EA17B /* searchNews */,
				A66C66822AB38045000EA17B /* SearchVC.swift */,
				A66C66842AB3804C000EA17B /* SearchVC.storyboard */,
			);
			path = "Search Page";
			sourceTree = "<group>";
		};
		A66C66862AB384CA000EA17B /* searchNews */ = {
			isa = PBXGroup;
			children = (
				A66C668F2AB38625000EA17B /* SearchNewsTableViewCell.swift */,
			);
			path = searchNews;
			sourceTree = "<group>";
		};
		A66C66912AB3998D000EA17B /* _components */ = {
			isa = PBXGroup;
			children = (
				A66C66922AB399A7000EA17B /* FavoritesDetailManager.swift */,
			);
			path = _components;
			sourceTree = "<group>";
		};
		A66C66942AB399E3000EA17B /* Favorites Page */ = {
			isa = PBXGroup;
			children = (
				A66C66992AB39D02000EA17B /* news */,
				A66C66952AB39A12000EA17B /* FavoritesVC.swift */,
				A66C66972AB39A1D000EA17B /* FavoritesVC.storyboard */,
			);
			path = "Favorites Page";
			sourceTree = "<group>";
		};
		A66C66992AB39D02000EA17B /* news */ = {
			isa = PBXGroup;
			children = (
				A66C669A2AB39D16000EA17B /* NewsTableViewCell.swift */,
			);
			path = news;
			sourceTree = "<group>";
		};
		A66C669C2AB3A2A1000EA17B /* Profile Page */ = {
			isa = PBXGroup;
			children = (
				A66C669D2AB3A2DA000EA17B /* SettingsVC.swift */,
				A66C669F2AB3A2E0000EA17B /* SettingsVC.storyboard */,
			);
			path = "Profile Page";
			sourceTree = "<group>";
		};
		A6C925962AB1E747000C2D96 /* news */ = {
			isa = PBXGroup;
			children = (
				A6C9259D2AB1E824000C2D96 /* NewsDetailCollectionViewCell.swift */,
				A6C925A52AB24578000C2D96 /* NewsDetailCollectionView.xib */,
			);
			path = news;
			sourceTree = "<group>";
		};
		A6C925A22AB2363B000C2D96 /* header */ = {
			isa = PBXGroup;
			children = (
				A6C925A32AB23653000C2D96 /* HeaderCollectionView.swift */,
			);
			path = header;
			sourceTree = "<group>";
		};
/* End PBXGroup section */

/* Begin PBXNativeTarget section */
		A62D5B312AA74D6A00CD4F1B /* NewsApp */ = {
			isa = PBXNativeTarget;
			buildConfigurationList = A62D5B462AA74D6B00CD4F1B /* Build configuration list for PBXNativeTarget "NewsApp" */;
			buildPhases = (
				A62D5B2E2AA74D6A00CD4F1B /* Sources */,
				A62D5B2F2AA74D6A00CD4F1B /* Frameworks */,
				A62D5B302AA74D6A00CD4F1B /* Resources */,
			);
			buildRules = (
			);
			dependencies = (
			);
			name = NewsApp;
			packageProductDependencies = (
				A62ABBFA2AA9069400EED1BF /* Alamofire */,
				A6C925A02AB22E9A000C2D96 /* Kingfisher */,
			);
			productName = NewsApp;
			productReference = A62D5B322AA74D6A00CD4F1B /* NewsApp.app */;
			productType = "com.apple.product-type.application";
		};
/* End PBXNativeTarget section */

/* Begin PBXProject section */
		A62D5B2A2AA74D6A00CD4F1B /* Project object */ = {
			isa = PBXProject;
			attributes = {
				BuildIndependentTargetsInParallel = 1;
				LastSwiftUpdateCheck = 1420;
				LastUpgradeCheck = 1420;
				TargetAttributes = {
					A62D5B312AA74D6A00CD4F1B = {
						CreatedOnToolsVersion = 14.2;
					};
				};
			};
			buildConfigurationList = A62D5B2D2AA74D6A00CD4F1B /* Build configuration list for PBXProject "NewsApp" */;
			compatibilityVersion = "Xcode 14.0";
			developmentRegion = en;
			hasScannedForEncodings = 0;
			knownRegions = (
				en,
				Base,
			);
			mainGroup = A62D5B292AA74D6A00CD4F1B;
			packageReferences = (
				A62ABBF92AA9069400EED1BF /* XCRemoteSwiftPackageReference "Alamofire" */,
				A6C9259F2AB22E9A000C2D96 /* XCRemoteSwiftPackageReference "Kingfisher" */,
			);
			productRefGroup = A62D5B332AA74D6A00CD4F1B /* Products */;
			projectDirPath = "";
			projectRoot = "";
			targets = (
				A62D5B312AA74D6A00CD4F1B /* NewsApp */,
			);
		};
/* End PBXProject section */

/* Begin PBXResourcesBuildPhase section */
		A62D5B302AA74D6A00CD4F1B /* Resources */ = {
			isa = PBXResourcesBuildPhase;
			buildActionMask = 2147483647;
			files = (
				A66C66802AB325AA000EA17B /* DetailVC.storyboard in Resources */,
				A62D5B4E2AA75A0000CD4F1B /* RegisterVC.storyboard in Resources */,
				A62D5B422AA74D6B00CD4F1B /* LaunchScreen.storyboard in Resources */,
				A6C925A62AB24578000C2D96 /* NewsDetailCollectionView.xib in Resources */,
				A62ABC012AA90B6500EED1BF /* EnvironmentVariables.plist in Resources */,
				A66C66982AB39A1D000EA17B /* FavoritesVC.storyboard in Resources */,
				A66C66A02AB3A2E0000EA17B /* SettingsVC.storyboard in Resources */,
				A62D5B3F2AA74D6B00CD4F1B /* Assets.xcassets in Resources */,
				A62D5B5F2AA7C46E00CD4F1B /* HomeVC.storyboard in Resources */,
				A66C66852AB3804C000EA17B /* SearchVC.storyboard in Resources */,
				A62D5B582AA7954700CD4F1B /* LoginVC.storyboard in Resources */,
				A62ABBF62AA9048900EED1BF /* SliderDetailCollectionView.xib in Resources */,
				A62ABBF22AA901C100EED1BF /* SliderCollectionView.xib in Resources */,
			);
			runOnlyForDeploymentPostprocessing = 0;
		};
/* End PBXResourcesBuildPhase section */

/* Begin PBXSourcesBuildPhase section */
		A62D5B2E2AA74D6A00CD4F1B /* Sources */ = {
			isa = PBXSourcesBuildPhase;
			buildActionMask = 2147483647;
			files = (
				A66C669E2AB3A2DA000EA17B /* SettingsVC.swift in Sources */,
				A6C925A42AB23653000C2D96 /* HeaderCollectionView.swift in Sources */,
				A62ABBFF2AA909DA00EED1BF /* Article.swift in Sources */,
				A62ABBF82AA9049600EED1BF /* SliderDetailCollectionViewCell.swift in Sources */,
				A62D5B502AA75A3100CD4F1B /* RegisterVC.swift in Sources */,
				A66C66932AB399A7000EA17B /* FavoritesDetailManager.swift in Sources */,
				A62D5B362AA74D6A00CD4F1B /* AppDelegate.swift in Sources */,
				A6C9259E2AB1E825000C2D96 /* NewsDetailCollectionViewCell.swift in Sources */,
				A66C66832AB38045000EA17B /* SearchVC.swift in Sources */,
				A62D5B382AA74D6A00CD4F1B /* SceneDelegate.swift in Sources */,
				A62ABBF42AA901F700EED1BF /* SliderCollectionViewCell.swift in Sources */,
				A62D5B5D2AA7C46400CD4F1B /* HomeVC.swift in Sources */,
				A62D5B622AA7C6B500CD4F1B /* TabBarController.swift in Sources */,
				A62D5B532AA7949E00CD4F1B /* UITextField+.swift in Sources */,
				A62ABBFD2AA909B900EED1BF /* NewsResponse.swift in Sources */,
				A66C66962AB39A12000EA17B /* FavoritesVC.swift in Sources */,
				A62D5B5A2AA7955800CD4F1B /* LoginVC.swift in Sources */,
				A66C66902AB38625000EA17B /* SearchNewsTableViewCell.swift in Sources */,
				A66C667E2AB31FA3000EA17B /* DetailVC.swift in Sources */,
				A66C669B2AB39D16000EA17B /* NewsTableViewCell.swift in Sources */,
			);
			runOnlyForDeploymentPostprocessing = 0;
		};
/* End PBXSourcesBuildPhase section */

/* Begin PBXVariantGroup section */
		A62D5B402AA74D6B00CD4F1B /* LaunchScreen.storyboard */ = {
			isa = PBXVariantGroup;
			children = (
				A62D5B412AA74D6B00CD4F1B /* Base */,
			);
			name = LaunchScreen.storyboard;
			sourceTree = "<group>";
		};
/* End PBXVariantGroup section */

/* Begin XCBuildConfiguration section */
		A62D5B442AA74D6B00CD4F1B /* Debug */ = {
			isa = XCBuildConfiguration;
			buildSettings = {
				ALWAYS_SEARCH_USER_PATHS = NO;
				CLANG_ANALYZER_NONNULL = YES;
				CLANG_ANALYZER_NUMBER_OBJECT_CONVERSION = YES_AGGRESSIVE;
				CLANG_CXX_LANGUAGE_STANDARD = "gnu++20";
				CLANG_ENABLE_MODULES = YES;
				CLANG_ENABLE_OBJC_ARC = YES;
				CLANG_ENABLE_OBJC_WEAK = YES;
				CLANG_WARN_BLOCK_CAPTURE_AUTORELEASING = YES;
				CLANG_WARN_BOOL_CONVERSION = YES;
				CLANG_WARN_COMMA = YES;
				CLANG_WARN_CONSTANT_CONVERSION = YES;
				CLANG_WARN_DEPRECATED_OBJC_IMPLEMENTATIONS = YES;
				CLANG_WARN_DIRECT_OBJC_ISA_USAGE = YES_ERROR;
				CLANG_WARN_DOCUMENTATION_COMMENTS = YES;
				CLANG_WARN_EMPTY_BODY = YES;
				CLANG_WARN_ENUM_CONVERSION = YES;
				CLANG_WARN_INFINITE_RECURSION = YES;
				CLANG_WARN_INT_CONVERSION = YES;
				CLANG_WARN_NON_LITERAL_NULL_CONVERSION = YES;
				CLANG_WARN_OBJC_IMPLICIT_RETAIN_SELF = YES;
				CLANG_WARN_OBJC_LITERAL_CONVERSION = YES;
				CLANG_WARN_OBJC_ROOT_CLASS = YES_ERROR;
				CLANG_WARN_QUOTED_INCLUDE_IN_FRAMEWORK_HEADER = YES;
				CLANG_WARN_RANGE_LOOP_ANALYSIS = YES;
				CLANG_WARN_STRICT_PROTOTYPES = YES;
				CLANG_WARN_SUSPICIOUS_MOVE = YES;
				CLANG_WARN_UNGUARDED_AVAILABILITY = YES_AGGRESSIVE;
				CLANG_WARN_UNREACHABLE_CODE = YES;
				CLANG_WARN__DUPLICATE_METHOD_MATCH = YES;
				COPY_PHASE_STRIP = NO;
				DEBUG_INFORMATION_FORMAT = dwarf;
				ENABLE_STRICT_OBJC_MSGSEND = YES;
				ENABLE_TESTABILITY = YES;
				GCC_C_LANGUAGE_STANDARD = gnu11;
				GCC_DYNAMIC_NO_PIC = NO;
				GCC_NO_COMMON_BLOCKS = YES;
				GCC_OPTIMIZATION_LEVEL = 0;
				GCC_PREPROCESSOR_DEFINITIONS = (
					"DEBUG=1",
					"$(inherited)",
				);
				GCC_WARN_64_TO_32_BIT_CONVERSION = YES;
				GCC_WARN_ABOUT_RETURN_TYPE = YES_ERROR;
				GCC_WARN_UNDECLARED_SELECTOR = YES;
				GCC_WARN_UNINITIALIZED_AUTOS = YES_AGGRESSIVE;
				GCC_WARN_UNUSED_FUNCTION = YES;
				GCC_WARN_UNUSED_VARIABLE = YES;
				IPHONEOS_DEPLOYMENT_TARGET = 16.2;
				MTL_ENABLE_DEBUG_INFO = INCLUDE_SOURCE;
				MTL_FAST_MATH = YES;
				ONLY_ACTIVE_ARCH = YES;
				SDKROOT = iphoneos;
				SWIFT_ACTIVE_COMPILATION_CONDITIONS = DEBUG;
				SWIFT_OPTIMIZATION_LEVEL = "-Onone";
			};
			name = Debug;
		};
		A62D5B452AA74D6B00CD4F1B /* Release */ = {
			isa = XCBuildConfiguration;
			buildSettings = {
				ALWAYS_SEARCH_USER_PATHS = NO;
				CLANG_ANALYZER_NONNULL = YES;
				CLANG_ANALYZER_NUMBER_OBJECT_CONVERSION = YES_AGGRESSIVE;
				CLANG_CXX_LANGUAGE_STANDARD = "gnu++20";
				CLANG_ENABLE_MODULES = YES;
				CLANG_ENABLE_OBJC_ARC = YES;
				CLANG_ENABLE_OBJC_WEAK = YES;
				CLANG_WARN_BLOCK_CAPTURE_AUTORELEASING = YES;
				CLANG_WARN_BOOL_CONVERSION = YES;
				CLANG_WARN_COMMA = YES;
				CLANG_WARN_CONSTANT_CONVERSION = YES;
				CLANG_WARN_DEPRECATED_OBJC_IMPLEMENTATIONS = YES;
				CLANG_WARN_DIRECT_OBJC_ISA_USAGE = YES_ERROR;
				CLANG_WARN_DOCUMENTATION_COMMENTS = YES;
				CLANG_WARN_EMPTY_BODY = YES;
				CLANG_WARN_ENUM_CONVERSION = YES;
				CLANG_WARN_INFINITE_RECURSION = YES;
				CLANG_WARN_INT_CONVERSION = YES;
				CLANG_WARN_NON_LITERAL_NULL_CONVERSION = YES;
				CLANG_WARN_OBJC_IMPLICIT_RETAIN_SELF = YES;
				CLANG_WARN_OBJC_LITERAL_CONVERSION = YES;
				CLANG_WARN_OBJC_ROOT_CLASS = YES_ERROR;
				CLANG_WARN_QUOTED_INCLUDE_IN_FRAMEWORK_HEADER = YES;
				CLANG_WARN_RANGE_LOOP_ANALYSIS = YES;
				CLANG_WARN_STRICT_PROTOTYPES = YES;
				CLANG_WARN_SUSPICIOUS_MOVE = YES;
				CLANG_WARN_UNGUARDED_AVAILABILITY = YES_AGGRESSIVE;
				CLANG_WARN_UNREACHABLE_CODE = YES;
				CLANG_WARN__DUPLICATE_METHOD_MATCH = YES;
				COPY_PHASE_STRIP = NO;
				DEBUG_INFORMATION_FORMAT = "dwarf-with-dsym";
				ENABLE_NS_ASSERTIONS = NO;
				ENABLE_STRICT_OBJC_MSGSEND = YES;
				GCC_C_LANGUAGE_STANDARD = gnu11;
				GCC_NO_COMMON_BLOCKS = YES;
				GCC_WARN_64_TO_32_BIT_CONVERSION = YES;
				GCC_WARN_ABOUT_RETURN_TYPE = YES_ERROR;
				GCC_WARN_UNDECLARED_SELECTOR = YES;
				GCC_WARN_UNINITIALIZED_AUTOS = YES_AGGRESSIVE;
				GCC_WARN_UNUSED_FUNCTION = YES;
				GCC_WARN_UNUSED_VARIABLE = YES;
				IPHONEOS_DEPLOYMENT_TARGET = 16.2;
				MTL_ENABLE_DEBUG_INFO = NO;
				MTL_FAST_MATH = YES;
				SDKROOT = iphoneos;
				SWIFT_COMPILATION_MODE = wholemodule;
				SWIFT_OPTIMIZATION_LEVEL = "-O";
				VALIDATE_PRODUCT = YES;
			};
			name = Release;
		};
		A62D5B472AA74D6B00CD4F1B /* Debug */ = {
			isa = XCBuildConfiguration;
			buildSettings = {
				ASSETCATALOG_COMPILER_APPICON_NAME = AppIcon;
				ASSETCATALOG_COMPILER_GLOBAL_ACCENT_COLOR_NAME = AccentColor;
				CODE_SIGN_STYLE = Automatic;
				CURRENT_PROJECT_VERSION = 1;
				GENERATE_INFOPLIST_FILE = YES;
				INFOPLIST_FILE = NewsApp/Resources/Info.plist;
				INFOPLIST_KEY_UIApplicationSupportsIndirectInputEvents = YES;
				INFOPLIST_KEY_UILaunchStoryboardName = LaunchScreen;
				INFOPLIST_KEY_UISupportedInterfaceOrientations_iPad = "UIInterfaceOrientationPortrait UIInterfaceOrientationPortraitUpsideDown UIInterfaceOrientationLandscapeLeft UIInterfaceOrientationLandscapeRight";
				INFOPLIST_KEY_UISupportedInterfaceOrientations_iPhone = "UIInterfaceOrientationPortrait UIInterfaceOrientationLandscapeLeft UIInterfaceOrientationLandscapeRight";
				LD_RUNPATH_SEARCH_PATHS = (
					"$(inherited)",
					"@executable_path/Frameworks",
				);
				MARKETING_VERSION = 1.0;
				PRODUCT_BUNDLE_IDENTIFIER = aleynaaktas.NewsApp;
				PRODUCT_NAME = "$(TARGET_NAME)";
				SWIFT_EMIT_LOC_STRINGS = YES;
				SWIFT_VERSION = 5.0;
				TARGETED_DEVICE_FAMILY = "1,2";
			};
			name = Debug;
		};
		A62D5B482AA74D6B00CD4F1B /* Release */ = {
			isa = XCBuildConfiguration;
			buildSettings = {
				ASSETCATALOG_COMPILER_APPICON_NAME = AppIcon;
				ASSETCATALOG_COMPILER_GLOBAL_ACCENT_COLOR_NAME = AccentColor;
				CODE_SIGN_STYLE = Automatic;
				CURRENT_PROJECT_VERSION = 1;
				GENERATE_INFOPLIST_FILE = YES;
				INFOPLIST_FILE = NewsApp/Resources/Info.plist;
				INFOPLIST_KEY_UIApplicationSupportsIndirectInputEvents = YES;
				INFOPLIST_KEY_UILaunchStoryboardName = LaunchScreen;
				INFOPLIST_KEY_UISupportedInterfaceOrientations_iPad = "UIInterfaceOrientationPortrait UIInterfaceOrientationPortraitUpsideDown UIInterfaceOrientationLandscapeLeft UIInterfaceOrientationLandscapeRight";
				INFOPLIST_KEY_UISupportedInterfaceOrientations_iPhone = "UIInterfaceOrientationPortrait UIInterfaceOrientationLandscapeLeft UIInterfaceOrientationLandscapeRight";
				LD_RUNPATH_SEARCH_PATHS = (
					"$(inherited)",
					"@executable_path/Frameworks",
				);
				MARKETING_VERSION = 1.0;
				PRODUCT_BUNDLE_IDENTIFIER = aleynaaktas.NewsApp;
				PRODUCT_NAME = "$(TARGET_NAME)";
				SWIFT_EMIT_LOC_STRINGS = YES;
				SWIFT_VERSION = 5.0;
				TARGETED_DEVICE_FAMILY = "1,2";
			};
			name = Release;
		};
/* End XCBuildConfiguration section */

/* Begin XCConfigurationList section */
		A62D5B2D2AA74D6A00CD4F1B /* Build configuration list for PBXProject "NewsApp" */ = {
			isa = XCConfigurationList;
			buildConfigurations = (
				A62D5B442AA74D6B00CD4F1B /* Debug */,
				A62D5B452AA74D6B00CD4F1B /* Release */,
			);
			defaultConfigurationIsVisible = 0;
			defaultConfigurationName = Release;
		};
		A62D5B462AA74D6B00CD4F1B /* Build configuration list for PBXNativeTarget "NewsApp" */ = {
			isa = XCConfigurationList;
			buildConfigurations = (
				A62D5B472AA74D6B00CD4F1B /* Debug */,
				A62D5B482AA74D6B00CD4F1B /* Release */,
			);
			defaultConfigurationIsVisible = 0;
			defaultConfigurationName = Release;
		};
/* End XCConfigurationList section */

/* Begin XCRemoteSwiftPackageReference section */
		A62ABBF92AA9069400EED1BF /* XCRemoteSwiftPackageReference "Alamofire" */ = {
			isa = XCRemoteSwiftPackageReference;
			repositoryURL = "https://github.com/Alamofire/Alamofire.git";
			requirement = {
				kind = upToNextMajorVersion;
				minimumVersion = 5.0.0;
			};
		};
		A6C9259F2AB22E9A000C2D96 /* XCRemoteSwiftPackageReference "Kingfisher" */ = {
			isa = XCRemoteSwiftPackageReference;
			repositoryURL = "https://github.com/onevcat/Kingfisher.git";
			requirement = {
				kind = upToNextMajorVersion;
				minimumVersion = 7.0.0;
			};
		};
/* End XCRemoteSwiftPackageReference section */

/* Begin XCSwiftPackageProductDependency section */
		A62ABBFA2AA9069400EED1BF /* Alamofire */ = {
			isa = XCSwiftPackageProductDependency;
			package = A62ABBF92AA9069400EED1BF /* XCRemoteSwiftPackageReference "Alamofire" */;
			productName = Alamofire;
		};
		A6C925A02AB22E9A000C2D96 /* Kingfisher */ = {
			isa = XCSwiftPackageProductDependency;
			package = A6C9259F2AB22E9A000C2D96 /* XCRemoteSwiftPackageReference "Kingfisher" */;
			productName = Kingfisher;
		};
/* End XCSwiftPackageProductDependency section */
	};
	rootObject = A62D5B2A2AA74D6A00CD4F1B /* Project object */;
}
